
Microsoft Visual Studio Solution File, Format Version 12.00
# Visual Studio Version 17
VisualStudioVersion = 17.8.34408.163
MinimumVisualStudioVersion = 10.0.40219.1
Project("{FAE04EC0-301F-11D3-BF4B-00C04F79EFBC}") = "Wine.Front.API", "Wine.Front.API\Wine.Front.API.csproj", "{C12B6E6A-68D7-4BA3-AD6F-0E61E8FDAECF}"
EndProject
Project("{2150E333-8FDC-42A3-9474-1A3956D46DE8}") = "01表現層", "01表現層", "{35D04A3C-A9C9-4D4B-97F9-58D1A44D58D0}"
EndProject
Project("{2150E333-8FDC-42A3-9474-1A3956D46DE8}") = "02商業邏輯層", "02商業邏輯層", "{E4A4AD7F-02FF-4F44-8C76-1074482563AF}"
EndProject
Project("{2150E333-8FDC-42A3-9474-1A3956D46DE8}") = "03資料存取層", "03資料存取層", "{8F0063FE-BAB7-46B4-8F8E-9D1D24829FD8}"
EndProject
Project("{2150E333-8FDC-42A3-9474-1A3956D46DE8}") = "04基礎建設層", "04基礎建設層", "{8381A27B-8BFB-4AE2-B129-5718F87F345E}"
EndProject
Project("{FAE04EC0-301F-11D3-BF4B-00C04F79EFBC}") = "Wine.BLL.Service", "Wine.BLL.Service\Wine.BLL.Service.csproj", "{AF9C6071-DE95-4F4C-8330-54F92CD07282}"
EndProject
Project("{FAE04EC0-301F-11D3-BF4B-00C04F79EFBC}") = "Wine.IDAL.IRepository", "Wine.IDAL.IRepository\Wine.IDAL.IRepository.csproj", "{40306D0A-6BF5-41A6-851C-EE5C0C0E221F}"
EndProject
Project("{FAE04EC0-301F-11D3-BF4B-00C04F79EFBC}") = "Wine.DAL.EFRepository", "Wine.DAL.EFRepository\Wine.DAL.EFRepository.csproj", "{CD134064-61B2-4D93-8A9A-331CA320A993}"
EndProject
Project("{FAE04EC0-301F-11D3-BF4B-00C04F79EFBC}") = "Wine.Infa.Criteria", "Wine.Infa.Criteria\Wine.Infa.Criteria.csproj", "{E501F458-2319-4FF5-A073-CCD58607EBDF}"
EndProject
Project("{FAE04EC0-301F-11D3-BF4B-00C04F79EFBC}") = "Wine.Infa.Dto", "Wine.Infa.Dto\Wine.Infa.Dto.csproj", "{94FA5A12-3E96-40E5-AD1E-0AFBA28207BA}"
EndProject
Project("{FAE04EC0-301F-11D3-BF4B-00C04F79EFBC}") = "Wine.Infa.EFModel", "Wine.Infa.EFModel\Wine.Infa.EFModel.csproj", "{8E914E3B-9135-4FE3-95F7-D6A858EDFB84}"
EndProject
Project("{FAE04EC0-301F-11D3-BF4B-00C04F79EFBC}") = "Wine.Infa.Entity", "Wine.Infa.Entity\Wine.Infa.Entity.csproj", "{49001452-3C49-4477-AED9-3171B462DA55}"
EndProject
Project("{FAE04EC0-301F-11D3-BF4B-00C04F79EFBC}") = "Wine.Infa.Utility", "Wine.Infa.Utility\Wine.Infa.Utility.csproj", "{51299C22-06B0-4C74-A473-DD51A00B697F}"
EndProject
Global
	GlobalSection(SolutionConfigurationPlatforms) = preSolution
		Debug|Any CPU = Debug|Any CPU
		Release|Any CPU = Release|Any CPU
	EndGlobalSection
	GlobalSection(ProjectConfigurationPlatforms) = postSolution
		{C12B6E6A-68D7-4BA3-AD6F-0E61E8FDAECF}.Debug|Any CPU.ActiveCfg = Debug|Any CPU
		{C12B6E6A-68D7-4BA3-AD6F-0E61E8FDAECF}.Debug|Any CPU.Build.0 = Debug|Any CPU
		{C12B6E6A-68D7-4BA3-AD6F-0E61E8FDAECF}.Release|Any CPU.ActiveCfg = Release|Any CPU
		{C12B6E6A-68D7-4BA3-AD6F-0E61E8FDAECF}.Release|Any CPU.Build.0 = Release|Any CPU
		{AF9C6071-DE95-4F4C-8330-54F92CD07282}.Debug|Any CPU.ActiveCfg = Debug|Any CPU
		{AF9C6071-DE95-4F4C-8330-54F92CD07282}.Debug|Any CPU.Build.0 = Debug|Any CPU
		{AF9C6071-DE95-4F4C-8330-54F92CD07282}.Release|Any CPU.ActiveCfg = Release|Any CPU
		{AF9C6071-DE95-4F4C-8330-54F92CD07282}.Release|Any CPU.Build.0 = Release|Any CPU
		{40306D0A-6BF5-41A6-851C-EE5C0C0E221F}.Debug|Any CPU.ActiveCfg = Debug|Any CPU
		{40306D0A-6BF5-41A6-851C-EE5C0C0E221F}.Debug|Any CPU.Build.0 = Debug|Any CPU
		{40306D0A-6BF5-41A6-851C-EE5C0C0E221F}.Release|Any CPU.ActiveCfg = Release|Any CPU
		{40306D0A-6BF5-41A6-851C-EE5C0C0E221F}.Release|Any CPU.Build.0 = Release|Any CPU
		{CD134064-61B2-4D93-8A9A-331CA320A993}.Debug|Any CPU.ActiveCfg = Debug|Any CPU
		{CD134064-61B2-4D93-8A9A-331CA320A993}.Debug|Any CPU.Build.0 = Debug|Any CPU
		{CD134064-61B2-4D93-8A9A-331CA320A993}.Release|Any CPU.ActiveCfg = Release|Any CPU
		{CD134064-61B2-4D93-8A9A-331CA320A993}.Release|Any CPU.Build.0 = Release|Any CPU
		{E501F458-2319-4FF5-A073-CCD58607EBDF}.Debug|Any CPU.ActiveCfg = Debug|Any CPU
		{E501F458-2319-4FF5-A073-CCD58607EBDF}.Debug|Any CPU.Build.0 = Debug|Any CPU
		{E501F458-2319-4FF5-A073-CCD58607EBDF}.Release|Any CPU.ActiveCfg = Release|Any CPU
		{E501F458-2319-4FF5-A073-CCD58607EBDF}.Release|Any CPU.Build.0 = Release|Any CPU
		{94FA5A12-3E96-40E5-AD1E-0AFBA28207BA}.Debug|Any CPU.ActiveCfg = Debug|Any CPU
		{94FA5A12-3E96-40E5-AD1E-0AFBA28207BA}.Debug|Any CPU.Build.0 = Debug|Any CPU
		{94FA5A12-3E96-40E5-AD1E-0AFBA28207BA}.Release|Any CPU.ActiveCfg = Release|Any CPU
		{94FA5A12-3E96-40E5-AD1E-0AFBA28207BA}.Release|Any CPU.Build.0 = Release|Any CPU
		{8E914E3B-9135-4FE3-95F7-D6A858EDFB84}.Debug|Any CPU.ActiveCfg = Debug|Any CPU
		{8E914E3B-9135-4FE3-95F7-D6A858EDFB84}.Debug|Any CPU.Build.0 = Debug|Any CPU
		{8E914E3B-9135-4FE3-95F7-D6A858EDFB84}.Release|Any CPU.ActiveCfg = Release|Any CPU
		{8E914E3B-9135-4FE3-95F7-D6A858EDFB84}.Release|Any CPU.Build.0 = Release|Any CPU
		{49001452-3C49-4477-AED9-3171B462DA55}.Debug|Any CPU.ActiveCfg = Debug|Any CPU
		{49001452-3C49-4477-AED9-3171B462DA55}.Debug|Any CPU.Build.0 = Debug|Any CPU
		{49001452-3C49-4477-AED9-3171B462DA55}.Release|Any CPU.ActiveCfg = Release|Any CPU
		{49001452-3C49-4477-AED9-3171B462DA55}.Release|Any CPU.Build.0 = Release|Any CPU
		{51299C22-06B0-4C74-A473-DD51A00B697F}.Debug|Any CPU.ActiveCfg = Debug|Any CPU
		{51299C22-06B0-4C74-A473-DD51A00B697F}.Debug|Any CPU.Build.0 = Debug|Any CPU
		{51299C22-06B0-4C74-A473-DD51A00B697F}.Release|Any CPU.ActiveCfg = Release|Any CPU
		{51299C22-06B0-4C74-A473-DD51A00B697F}.Release|Any CPU.Build.0 = Release|Any CPU
	EndGlobalSection
	GlobalSection(SolutionProperties) = preSolution
		HideSolutionNode = FALSE
	EndGlobalSection
	GlobalSection(NestedProjects) = preSolution
		{C12B6E6A-68D7-4BA3-AD6F-0E61E8FDAECF} = {35D04A3C-A9C9-4D4B-97F9-58D1A44D58D0}
		{AF9C6071-DE95-4F4C-8330-54F92CD07282} = {E4A4AD7F-02FF-4F44-8C76-1074482563AF}
		{40306D0A-6BF5-41A6-851C-EE5C0C0E221F} = {E4A4AD7F-02FF-4F44-8C76-1074482563AF}
		{CD134064-61B2-4D93-8A9A-331CA320A993} = {8F0063FE-BAB7-46B4-8F8E-9D1D24829FD8}
		{E501F458-2319-4FF5-A073-CCD58607EBDF} = {8381A27B-8BFB-4AE2-B129-5718F87F345E}
		{94FA5A12-3E96-40E5-AD1E-0AFBA28207BA} = {8381A27B-8BFB-4AE2-B129-5718F87F345E}
		{8E914E3B-9135-4FE3-95F7-D6A858EDFB84} = {8381A27B-8BFB-4AE2-B129-5718F87F345E}
		{49001452-3C49-4477-AED9-3171B462DA55} = {8381A27B-8BFB-4AE2-B129-5718F87F345E}
		{51299C22-06B0-4C74-A473-DD51A00B697F} = {8381A27B-8BFB-4AE2-B129-5718F87F345E}
	EndGlobalSection
	GlobalSection(ExtensibilityGlobals) = postSolution
		SolutionGuid = {589F98C9-98A6-4F16-9489-BF23432EBD6E}
	EndGlobalSection
EndGlobal
